
Microsoft Visual Studio Solution File, Format Version 12.00
# Visual Studio Version 16
VisualStudioVersion = 25.0.1700.6
MinimumVisualStudioVersion = 10.0.40219.1
Project("{FAE04EC0-301F-11D3-BF4B-00C04F79EFBC}") = "T09-Ejercicio1", "T09-Ejercicio1.csproj", "{B5D5BAED-5D8A-4D1D-ADAE-5035FEAEF1DE}"
EndProject
Global
	GlobalSection(SolutionConfigurationPlatforms) = preSolution
		Debug|Any CPU = Debug|Any CPU
		Release|Any CPU = Release|Any CPU
	EndGlobalSection
	GlobalSection(ProjectConfigurationPlatforms) = postSolution
		{B5D5BAED-5D8A-4D1D-ADAE-5035FEAEF1DE}.Debug|Any CPU.ActiveCfg = Debug|Any CPU
		{B5D5BAED-5D8A-4D1D-ADAE-5035FEAEF1DE}.Debug|Any CPU.Build.0 = Debug|Any CPU
		{B5D5BAED-5D8A-4D1D-ADAE-5035FEAEF1DE}.Release|Any CPU.ActiveCfg = Release|Any CPU
		{B5D5BAED-5D8A-4D1D-ADAE-5035FEAEF1DE}.Release|Any CPU.Build.0 = Release|Any CPU
	EndGlobalSection
	GlobalSection(SolutionProperties) = preSolution
		HideSolutionNode = FALSE
	EndGlobalSection
	GlobalSection(ExtensibilityGlobals) = postSolution
		SolutionGuid = {0336171A-08ED-45F8-9E33-33C6408EE181}
	EndGlobalSection
EndGlobal
